
Microsoft Visual Studio Solution File, Format Version 12.00
# Visual Studio Version 16
VisualStudioVersion = 16.0.31424.327
MinimumVisualStudioVersion = 10.0.40219.1
Project("{FAE04EC0-301F-11D3-BF4B-00C04F79EFBC}") = "Homence Smart Device.Android", "Homence Smart Device\Homence Smart Device.Android\Homence Smart Device.Android.csproj", "{692A42B6-B0E4-4EBB-98C7-BF52A3A2F0BE}"
EndProject
Project("{FAE04EC0-301F-11D3-BF4B-00C04F79EFBC}") = "Homence Smart Device.iOS", "Homence Smart Device\Homence Smart Device.iOS\Homence Smart Device.iOS.csproj", "{371B74BF-44C5-4B01-8E29-5876474B3B34}"
EndProject
Project("{FAE04EC0-301F-11D3-BF4B-00C04F79EFBC}") = "Homence Smart Device", "Homence Smart Device\Homence Smart Device\Homence Smart Device.csproj", "{3E3B7302-239C-4B36-90C3-63C82959578C}"
EndProject
Global
	GlobalSection(SolutionConfigurationPlatforms) = preSolution
		Debug|Any CPU = Debug|Any CPU
		Debug|iPhone = Debug|iPhone
		Debug|iPhoneSimulator = Debug|iPhoneSimulator
		Release|Any CPU = Release|Any CPU
		Release|iPhone = Release|iPhone
		Release|iPhoneSimulator = Release|iPhoneSimulator
	EndGlobalSection
	GlobalSection(ProjectConfigurationPlatforms) = postSolution
		{692A42B6-B0E4-4EBB-98C7-BF52A3A2F0BE}.Debug|Any CPU.ActiveCfg = Debug|Any CPU
		{692A42B6-B0E4-4EBB-98C7-BF52A3A2F0BE}.Debug|Any CPU.Build.0 = Debug|Any CPU
		{692A42B6-B0E4-4EBB-98C7-BF52A3A2F0BE}.Debug|Any CPU.Deploy.0 = Debug|Any CPU
		{692A42B6-B0E4-4EBB-98C7-BF52A3A2F0BE}.Debug|iPhone.ActiveCfg = Debug|Any CPU
		{692A42B6-B0E4-4EBB-98C7-BF52A3A2F0BE}.Debug|iPhone.Build.0 = Debug|Any CPU
		{692A42B6-B0E4-4EBB-98C7-BF52A3A2F0BE}.Debug|iPhone.Deploy.0 = Debug|Any CPU
		{692A42B6-B0E4-4EBB-98C7-BF52A3A2F0BE}.Debug|iPhoneSimulator.ActiveCfg = Debug|Any CPU
		{692A42B6-B0E4-4EBB-98C7-BF52A3A2F0BE}.Debug|iPhoneSimulator.Build.0 = Debug|Any CPU
		{692A42B6-B0E4-4EBB-98C7-BF52A3A2F0BE}.Debug|iPhoneSimulator.Deploy.0 = Debug|Any CPU
		{692A42B6-B0E4-4EBB-98C7-BF52A3A2F0BE}.Release|Any CPU.ActiveCfg = Release|Any CPU
		{692A42B6-B0E4-4EBB-98C7-BF52A3A2F0BE}.Release|Any CPU.Build.0 = Release|Any CPU
		{692A42B6-B0E4-4EBB-98C7-BF52A3A2F0BE}.Release|Any CPU.Deploy.0 = Release|Any CPU
		{692A42B6-B0E4-4EBB-98C7-BF52A3A2F0BE}.Release|iPhone.ActiveCfg = Release|Any CPU
		{692A42B6-B0E4-4EBB-98C7-BF52A3A2F0BE}.Release|iPhone.Build.0 = Release|Any CPU
		{692A42B6-B0E4-4EBB-98C7-BF52A3A2F0BE}.Release|iPhone.Deploy.0 = Release|Any CPU
		{692A42B6-B0E4-4EBB-98C7-BF52A3A2F0BE}.Release|iPhoneSimulator.ActiveCfg = Release|Any CPU
		{692A42B6-B0E4-4EBB-98C7-BF52A3A2F0BE}.Release|iPhoneSimulator.Build.0 = Release|Any CPU
		{692A42B6-B0E4-4EBB-98C7-BF52A3A2F0BE}.Release|iPhoneSimulator.Deploy.0 = Release|Any CPU
		{371B74BF-44C5-4B01-8E29-5876474B3B34}.Debug|Any CPU.ActiveCfg = Debug|iPhone
		{371B74BF-44C5-4B01-8E29-5876474B3B34}.Debug|Any CPU.Build.0 = Debug|iPhone
		{371B74BF-44C5-4B01-8E29-5876474B3B34}.Debug|Any CPU.Deploy.0 = Debug|iPhone
		{371B74BF-44C5-4B01-8E29-5876474B3B34}.Debug|iPhone.ActiveCfg = Debug|iPhone
		{371B74BF-44C5-4B01-8E29-5876474B3B34}.Debug|iPhone.Build.0 = Debug|iPhone
		{371B74BF-44C5-4B01-8E29-5876474B3B34}.Debug|iPhone.Deploy.0 = Debug|iPhone
		{371B74BF-44C5-4B01-8E29-5876474B3B34}.Debug|iPhoneSimulator.ActiveCfg = Debug|iPhoneSimulator
		{371B74BF-44C5-4B01-8E29-5876474B3B34}.Debug|iPhoneSimulator.Build.0 = Debug|iPhoneSimulator
		{371B74BF-44C5-4B01-8E29-5876474B3B34}.Debug|iPhoneSimulator.Deploy.0 = Debug|iPhoneSimulator
		{371B74BF-44C5-4B01-8E29-5876474B3B34}.Release|Any CPU.ActiveCfg = Release|iPhoneSimulator
		{371B74BF-44C5-4B01-8E29-5876474B3B34}.Release|Any CPU.Build.0 = Release|iPhoneSimulator
		{371B74BF-44C5-4B01-8E29-5876474B3B34}.Release|Any CPU.Deploy.0 = Release|iPhoneSimulator
		{371B74BF-44C5-4B01-8E29-5876474B3B34}.Release|iPhone.ActiveCfg = Release|iPhone
		{371B74BF-44C5-4B01-8E29-5876474B3B34}.Release|iPhone.Build.0 = Release|iPhone
		{371B74BF-44C5-4B01-8E29-5876474B3B34}.Release|iPhone.Deploy.0 = Release|iPhone
		{371B74BF-44C5-4B01-8E29-5876474B3B34}.Release|iPhoneSimulator.ActiveCfg = Release|iPhoneSimulator
		{371B74BF-44C5-4B01-8E29-5876474B3B34}.Release|iPhoneSimulator.Build.0 = Release|iPhoneSimulator
		{371B74BF-44C5-4B01-8E29-5876474B3B34}.Release|iPhoneSimulator.Deploy.0 = Release|iPhoneSimulator
		{3E3B7302-239C-4B36-90C3-63C82959578C}.Debug|Any CPU.ActiveCfg = Debug|Any CPU
		{3E3B7302-239C-4B36-90C3-63C82959578C}.Debug|Any CPU.Build.0 = Debug|Any CPU
		{3E3B7302-239C-4B36-90C3-63C82959578C}.Debug|Any CPU.Deploy.0 = Debug|Any CPU
		{3E3B7302-239C-4B36-90C3-63C82959578C}.Debug|iPhone.ActiveCfg = Debug|Any CPU
		{3E3B7302-239C-4B36-90C3-63C82959578C}.Debug|iPhone.Build.0 = Debug|Any CPU
		{3E3B7302-239C-4B36-90C3-63C82959578C}.Debug|iPhone.Deploy.0 = Debug|Any CPU
		{3E3B7302-239C-4B36-90C3-63C82959578C}.Debug|iPhoneSimulator.ActiveCfg = Debug|Any CPU
		{3E3B7302-239C-4B36-90C3-63C82959578C}.Debug|iPhoneSimulator.Build.0 = Debug|Any CPU
		{3E3B7302-239C-4B36-90C3-63C82959578C}.Debug|iPhoneSimulator.Deploy.0 = Debug|Any CPU
		{3E3B7302-239C-4B36-90C3-63C82959578C}.Release|Any CPU.ActiveCfg = Release|Any CPU
		{3E3B7302-239C-4B36-90C3-63C82959578C}.Release|Any CPU.Build.0 = Release|Any CPU
		{3E3B7302-239C-4B36-90C3-63C82959578C}.Release|Any CPU.Deploy.0 = Release|Any CPU
		{3E3B7302-239C-4B36-90C3-63C82959578C}.Release|iPhone.ActiveCfg = Release|Any CPU
		{3E3B7302-239C-4B36-90C3-63C82959578C}.Release|iPhone.Build.0 = Release|Any CPU
		{3E3B7302-239C-4B36-90C3-63C82959578C}.Release|iPhone.Deploy.0 = Release|Any CPU
		{3E3B7302-239C-4B36-90C3-63C82959578C}.Release|iPhoneSimulator.ActiveCfg = Release|Any CPU
		{3E3B7302-239C-4B36-90C3-63C82959578C}.Release|iPhoneSimulator.Build.0 = Release|Any CPU
		{3E3B7302-239C-4B36-90C3-63C82959578C}.Release|iPhoneSimulator.Deploy.0 = Release|Any CPU
	EndGlobalSection
	GlobalSection(SolutionProperties) = preSolution
		HideSolutionNode = FALSE
	EndGlobalSection
	GlobalSection(ExtensibilityGlobals) = postSolution
		SolutionGuid = {C101C152-E169-41F7-89EC-2713D91A657D}
	EndGlobalSection
EndGlobal
